
Microsoft Visual Studio Solution File, Format Version 11.00
# Visual Studio 2010
Project("{FAE04EC0-301F-11D3-BF4B-00C04F79EFBC}") = "FoxDataDig", "FoxDataDig\FoxDataDig.csproj", "{7BF20D19-3FB4-4A88-8E72-8B7D9FCC60B4}"
EndProject
Project("{FAE04EC0-301F-11D3-BF4B-00C04F79EFBC}") = "FoxTests", "FoxTests\FoxTests.csproj", "{8A129E74-BFB2-4EC0-87DA-B31FA46E4779}"
EndProject
Global
	GlobalSection(SolutionConfigurationPlatforms) = preSolution
		Debug|Any CPU = Debug|Any CPU
		Release|Any CPU = Release|Any CPU
	EndGlobalSection
	GlobalSection(ProjectConfigurationPlatforms) = postSolution
		{7BF20D19-3FB4-4A88-8E72-8B7D9FCC60B4}.Debug|Any CPU.ActiveCfg = Debug|Any CPU
		{7BF20D19-3FB4-4A88-8E72-8B7D9FCC60B4}.Debug|Any CPU.Build.0 = Debug|Any CPU
		{7BF20D19-3FB4-4A88-8E72-8B7D9FCC60B4}.Release|Any CPU.ActiveCfg = Release|Any CPU
		{7BF20D19-3FB4-4A88-8E72-8B7D9FCC60B4}.Release|Any CPU.Build.0 = Release|Any CPU
		{8A129E74-BFB2-4EC0-87DA-B31FA46E4779}.Debug|Any CPU.ActiveCfg = Debug|Any CPU
		{8A129E74-BFB2-4EC0-87DA-B31FA46E4779}.Debug|Any CPU.Build.0 = Debug|Any CPU
		{8A129E74-BFB2-4EC0-87DA-B31FA46E4779}.Release|Any CPU.ActiveCfg = Release|Any CPU
		{8A129E74-BFB2-4EC0-87DA-B31FA46E4779}.Release|Any CPU.Build.0 = Release|Any CPU
	EndGlobalSection
	GlobalSection(SolutionProperties) = preSolution
		HideSolutionNode = FALSE
	EndGlobalSection
EndGlobal
